
Microsoft Visual Studio Solution File, Format Version 12.00
# Visual Studio 15
VisualStudioVersion = 15.0.28307.902
MinimumVisualStudioVersion = 10.0.40219.1
Project("{FAE04EC0-301F-11D3-BF4B-00C04F79EFBC}") = "MessageService", "MessageService\MessageService.csproj", "{A2D245F4-214D-4B45-84D7-88178E07E58E}"
EndProject
Project("{FAE04EC0-301F-11D3-BF4B-00C04F79EFBC}") = "Host", "Host\Host.csproj", "{8787AD4C-B2C8-4811-875E-C786D28BCE94}"
EndProject
Project("{FAE04EC0-301F-11D3-BF4B-00C04F79EFBC}") = "DAO", "DAO\DAO.csproj", "{0BC4ACED-D038-4AEB-B267-7C63390BF33D}"
EndProject
Project("{FAE04EC0-301F-11D3-BF4B-00C04F79EFBC}") = "MessageServiceTests2", "MessageServiceTests2\MessageServiceTests2.csproj", "{A96041ED-971D-4AA0-835E-6F36D546F7B6}"
EndProject
Global
	GlobalSection(SolutionConfigurationPlatforms) = preSolution
		Debug|Any CPU = Debug|Any CPU
		Release|Any CPU = Release|Any CPU
	EndGlobalSection
	GlobalSection(ProjectConfigurationPlatforms) = postSolution
		{A2D245F4-214D-4B45-84D7-88178E07E58E}.Debug|Any CPU.ActiveCfg = Debug|Any CPU
		{A2D245F4-214D-4B45-84D7-88178E07E58E}.Debug|Any CPU.Build.0 = Debug|Any CPU
		{A2D245F4-214D-4B45-84D7-88178E07E58E}.Release|Any CPU.ActiveCfg = Release|Any CPU
		{A2D245F4-214D-4B45-84D7-88178E07E58E}.Release|Any CPU.Build.0 = Release|Any CPU
		{8787AD4C-B2C8-4811-875E-C786D28BCE94}.Debug|Any CPU.ActiveCfg = Debug|Any CPU
		{8787AD4C-B2C8-4811-875E-C786D28BCE94}.Debug|Any CPU.Build.0 = Debug|Any CPU
		{8787AD4C-B2C8-4811-875E-C786D28BCE94}.Release|Any CPU.ActiveCfg = Release|Any CPU
		{8787AD4C-B2C8-4811-875E-C786D28BCE94}.Release|Any CPU.Build.0 = Release|Any CPU
		{0BC4ACED-D038-4AEB-B267-7C63390BF33D}.Debug|Any CPU.ActiveCfg = Debug|Any CPU
		{0BC4ACED-D038-4AEB-B267-7C63390BF33D}.Debug|Any CPU.Build.0 = Debug|Any CPU
		{0BC4ACED-D038-4AEB-B267-7C63390BF33D}.Release|Any CPU.ActiveCfg = Release|Any CPU
		{0BC4ACED-D038-4AEB-B267-7C63390BF33D}.Release|Any CPU.Build.0 = Release|Any CPU
		{A96041ED-971D-4AA0-835E-6F36D546F7B6}.Debug|Any CPU.ActiveCfg = Debug|Any CPU
		{A96041ED-971D-4AA0-835E-6F36D546F7B6}.Debug|Any CPU.Build.0 = Debug|Any CPU
		{A96041ED-971D-4AA0-835E-6F36D546F7B6}.Release|Any CPU.ActiveCfg = Release|Any CPU
		{A96041ED-971D-4AA0-835E-6F36D546F7B6}.Release|Any CPU.Build.0 = Release|Any CPU
	EndGlobalSection
	GlobalSection(SolutionProperties) = preSolution
		HideSolutionNode = FALSE
	EndGlobalSection
	GlobalSection(ExtensibilityGlobals) = postSolution
		SolutionGuid = {416B9DAA-F586-4BEB-A0B7-7806DE2D189B}
	EndGlobalSection
EndGlobal
