
Microsoft Visual Studio Solution File, Format Version 12.00
# Visual Studio 15
VisualStudioVersion = 15.0.28307.705
MinimumVisualStudioVersion = 10.0.40219.1
Project("{FAE04EC0-301F-11D3-BF4B-00C04F79EFBC}") = "SerpientesEscaleras", "SerpientesEscaleras\SerpientesEscaleras.csproj", "{C974A91F-C56D-42E9-A477-87E286964A4D}"
EndProject
Project("{FAE04EC0-301F-11D3-BF4B-00C04F79EFBC}") = "SyEUnitTest", "SyEUnitTest\SyEUnitTest.csproj", "{742B445A-9D77-4C7E-AF6E-F8C842803F4A}"
EndProject
Global
	GlobalSection(SolutionConfigurationPlatforms) = preSolution
		Debug|Any CPU = Debug|Any CPU
		Release|Any CPU = Release|Any CPU
	EndGlobalSection
	GlobalSection(ProjectConfigurationPlatforms) = postSolution
		{C974A91F-C56D-42E9-A477-87E286964A4D}.Debug|Any CPU.ActiveCfg = Debug|Any CPU
		{C974A91F-C56D-42E9-A477-87E286964A4D}.Debug|Any CPU.Build.0 = Debug|Any CPU
		{C974A91F-C56D-42E9-A477-87E286964A4D}.Release|Any CPU.ActiveCfg = Release|Any CPU
		{C974A91F-C56D-42E9-A477-87E286964A4D}.Release|Any CPU.Build.0 = Release|Any CPU
		{742B445A-9D77-4C7E-AF6E-F8C842803F4A}.Debug|Any CPU.ActiveCfg = Debug|Any CPU
		{742B445A-9D77-4C7E-AF6E-F8C842803F4A}.Debug|Any CPU.Build.0 = Debug|Any CPU
		{742B445A-9D77-4C7E-AF6E-F8C842803F4A}.Release|Any CPU.ActiveCfg = Release|Any CPU
		{742B445A-9D77-4C7E-AF6E-F8C842803F4A}.Release|Any CPU.Build.0 = Release|Any CPU
	EndGlobalSection
	GlobalSection(SolutionProperties) = preSolution
		HideSolutionNode = FALSE
	EndGlobalSection
	GlobalSection(ExtensibilityGlobals) = postSolution
		SolutionGuid = {A2CDDB92-2FF6-4D7D-BA8E-B76BB6FF933E}
	EndGlobalSection
EndGlobal
